
Microsoft Visual Studio Solution File, Format Version 12.00
# Visual Studio Version 17
VisualStudioVersion = 17.6.33829.357
MinimumVisualStudioVersion = 10.0.40219.1
Project("{FAE04EC0-301F-11D3-BF4B-00C04F79EFBC}") = "SelfStudy1Funk", "SelfStudy1Funk\SelfStudy1Funk.csproj", "{51161664-5FA5-4770-93C6-4E76D082F1FC}"
EndProject
Global
	GlobalSection(SolutionConfigurationPlatforms) = preSolution
		Debug|Any CPU = Debug|Any CPU
		Release|Any CPU = Release|Any CPU
	EndGlobalSection
	GlobalSection(ProjectConfigurationPlatforms) = postSolution
		{51161664-5FA5-4770-93C6-4E76D082F1FC}.Debug|Any CPU.ActiveCfg = Debug|Any CPU
		{51161664-5FA5-4770-93C6-4E76D082F1FC}.Debug|Any CPU.Build.0 = Debug|Any CPU
		{51161664-5FA5-4770-93C6-4E76D082F1FC}.Release|Any CPU.ActiveCfg = Release|Any CPU
		{51161664-5FA5-4770-93C6-4E76D082F1FC}.Release|Any CPU.Build.0 = Release|Any CPU
	EndGlobalSection
	GlobalSection(SolutionProperties) = preSolution
		HideSolutionNode = FALSE
	EndGlobalSection
	GlobalSection(ExtensibilityGlobals) = postSolution
		SolutionGuid = {10D4C8F7-10F8-492A-AEDB-B8A51CFB39DA}
	EndGlobalSection
EndGlobal
