
Microsoft Visual Studio Solution File, Format Version 12.00
# Visual Studio Version 17
VisualStudioVersion = 17.6.33829.357
MinimumVisualStudioVersion = 10.0.40219.1
Project("{FAE04EC0-301F-11D3-BF4B-00C04F79EFBC}") = "Selfstudy1Viz", "Selfstudy1Viz\Selfstudy1Viz.csproj", "{631547E6-1277-46B3-97CD-43EBA6B89934}"
EndProject
Global
	GlobalSection(SolutionConfigurationPlatforms) = preSolution
		Debug|Any CPU = Debug|Any CPU
		Release|Any CPU = Release|Any CPU
	EndGlobalSection
	GlobalSection(ProjectConfigurationPlatforms) = postSolution
		{631547E6-1277-46B3-97CD-43EBA6B89934}.Debug|Any CPU.ActiveCfg = Debug|Any CPU
		{631547E6-1277-46B3-97CD-43EBA6B89934}.Debug|Any CPU.Build.0 = Debug|Any CPU
		{631547E6-1277-46B3-97CD-43EBA6B89934}.Release|Any CPU.ActiveCfg = Release|Any CPU
		{631547E6-1277-46B3-97CD-43EBA6B89934}.Release|Any CPU.Build.0 = Release|Any CPU
	EndGlobalSection
	GlobalSection(SolutionProperties) = preSolution
		HideSolutionNode = FALSE
	EndGlobalSection
	GlobalSection(ExtensibilityGlobals) = postSolution
		SolutionGuid = {017E6319-9A94-4D31-9CEC-E9EDC0190C65}
	EndGlobalSection
EndGlobal
